
Microsoft Visual Studio Solution File, Format Version 12.00
# Visual Studio Version 17
VisualStudioVersion = 17.0.32014.148
MinimumVisualStudioVersion = 10.0.40219.1
Project("{FAE04EC0-301F-11D3-BF4B-00C04F79EFBC}") = "Tolitech.CodeGenerator.Extensions.DependencyInjection", "Extensions.DependencyInjection\Tolitech.CodeGenerator.Extensions.DependencyInjection.csproj", "{DD2215FF-BF57-4ADF-8394-99B39FBD3554}"
EndProject
Project("{FAE04EC0-301F-11D3-BF4B-00C04F79EFBC}") = "Tolitech.CodeGenerator.Extensions.DependencyInjection.Tests", "Extensions.DependencyInjection.Tests\Tolitech.CodeGenerator.Extensions.DependencyInjection.Tests.csproj", "{8A895691-150D-42F2-90E0-D37B4274ED61}"
EndProject
Global
	GlobalSection(SolutionConfigurationPlatforms) = preSolution
		Debug|Any CPU = Debug|Any CPU
		Release|Any CPU = Release|Any CPU
	EndGlobalSection
	GlobalSection(ProjectConfigurationPlatforms) = postSolution
		{DD2215FF-BF57-4ADF-8394-99B39FBD3554}.Debug|Any CPU.ActiveCfg = Debug|Any CPU
		{DD2215FF-BF57-4ADF-8394-99B39FBD3554}.Debug|Any CPU.Build.0 = Debug|Any CPU
		{DD2215FF-BF57-4ADF-8394-99B39FBD3554}.Release|Any CPU.ActiveCfg = Release|Any CPU
		{DD2215FF-BF57-4ADF-8394-99B39FBD3554}.Release|Any CPU.Build.0 = Release|Any CPU
		{8A895691-150D-42F2-90E0-D37B4274ED61}.Debug|Any CPU.ActiveCfg = Debug|Any CPU
		{8A895691-150D-42F2-90E0-D37B4274ED61}.Debug|Any CPU.Build.0 = Debug|Any CPU
		{8A895691-150D-42F2-90E0-D37B4274ED61}.Release|Any CPU.ActiveCfg = Release|Any CPU
		{8A895691-150D-42F2-90E0-D37B4274ED61}.Release|Any CPU.Build.0 = Release|Any CPU
	EndGlobalSection
	GlobalSection(SolutionProperties) = preSolution
		HideSolutionNode = FALSE
	EndGlobalSection
	GlobalSection(ExtensibilityGlobals) = postSolution
		SolutionGuid = {8B42F7C6-A05F-4F67-B4AA-88D9583E1687}
	EndGlobalSection
EndGlobal
